
Microsoft Visual Studio Solution File, Format Version 12.00
# Visual Studio 2013
VisualStudioVersion = 12.0.31101.0
MinimumVisualStudioVersion = 10.0.40219.1
Project("{FAE04EC0-301F-11D3-BF4B-00C04F79EFBC}") = "Kyrs17.Objects", "Objects/Kyrs17.Objects.csproj", "{C37BBD93-41C4-4165-B047-70526C411C2F}"
EndProject
Project("{FAE04EC0-301F-11D3-BF4B-00C04F79EFBC}") = "Kyrs17.ODataBackend", "ODataBackend/Kyrs17.ODataBackend.csproj", "{EECE9D01-0D50-4433-8A65-8C1BD77273BC}"
EndProject
Global
	GlobalSection(SolutionConfigurationPlatforms) = preSolution
Debug|Any CPU = Debug|Any CPU
Release|Any CPU = Release|Any CPU
	EndGlobalSection
	GlobalSection(ProjectConfigurationPlatforms) = postSolution
		{C37BBD93-41C4-4165-B047-70526C411C2F}.Debug|Any CPU.ActiveCfg = Debug|Any CPU
		{C37BBD93-41C4-4165-B047-70526C411C2F}.Debug|Any CPU.Build.0 = Debug|Any CPU
		{C37BBD93-41C4-4165-B047-70526C411C2F}.Release|Any CPU.ActiveCfg = Release|Any CPU
		{C37BBD93-41C4-4165-B047-70526C411C2F}.Release|Any CPU.Build.0 = Release|Any CPU
		{EECE9D01-0D50-4433-8A65-8C1BD77273BC}.Debug|Any CPU.ActiveCfg = Debug|Any CPU
		{EECE9D01-0D50-4433-8A65-8C1BD77273BC}.Debug|Any CPU.Build.0 = Debug|Any CPU
		{EECE9D01-0D50-4433-8A65-8C1BD77273BC}.Release|Any CPU.ActiveCfg = Release|Any CPU
		{EECE9D01-0D50-4433-8A65-8C1BD77273BC}.Release|Any CPU.Build.0 = Release|Any CPU
	EndGlobalSection
	GlobalSection(SolutionProperties) = preSolution
		HideSolutionNode = FALSE
	EndGlobalSection
EndGlobal
